// !$*UTF8*$!
{
	archiveVersion = 1;
	classes = {
	};
	objectVersion = 56;
	objects = {

/* Begin PBXBuildFile section */
		0170E9A92BE8D5BD00D59D45 /* Api.plist in Resources */ = {isa = PBXBuildFile; fileRef = 0170E9A82BE8D5BD00D59D45 /* Api.plist */; };
		0170E9AE2BE8D77300D59D45 /* Api.swift in Sources */ = {isa = PBXBuildFile; fileRef = 0170E9AD2BE8D77300D59D45 /* Api.swift */; };
		0170E9B02BE8D7D400D59D45 /* Api+Errors.swift in Sources */ = {isa = PBXBuildFile; fileRef = 0170E9AF2BE8D7D400D59D45 /* Api+Errors.swift */; };
		0170E9B22BE8D7E700D59D45 /* Api+Endpoint.swift in Sources */ = {isa = PBXBuildFile; fileRef = 0170E9B12BE8D7E700D59D45 /* Api+Endpoint.swift */; };
		0170E9B52BE8D85900D59D45 /* Api+OAuthEndpoints.swift in Sources */ = {isa = PBXBuildFile; fileRef = 0170E9B42BE8D85900D59D45 /* Api+OAuthEndpoints.swift */; };
		0170E9B82BE8D8A800D59D45 /* Api+OAuthApplication.swift in Sources */ = {isa = PBXBuildFile; fileRef = 0170E9B72BE8D8A800D59D45 /* Api+OAuthApplication.swift */; };
		0170E9BA2BE8D8C800D59D45 /* Api+OAuthUser.swift in Sources */ = {isa = PBXBuildFile; fileRef = 0170E9B92BE8D8C800D59D45 /* Api+OAuthUser.swift */; };
		0170E9BD2BE8D98F00D59D45 /* Constants.swift in Sources */ = {isa = PBXBuildFile; fileRef = 0170E9BC2BE8D98F00D59D45 /* Constants.swift */; };
		0170E9C02BE8DCDD00D59D45 /* Keychain.swift in Sources */ = {isa = PBXBuildFile; fileRef = 0170E9BF2BE8DCDD00D59D45 /* Keychain.swift */; };
		0170E9C22BE8DE9E00D59D45 /* KeychainManager.swift in Sources */ = {isa = PBXBuildFile; fileRef = 0170E9C12BE8DE9E00D59D45 /* KeychainManager.swift */; };
		0170E9C92BE8E91800D59D45 /* OnBoardingView.swift in Sources */ = {isa = PBXBuildFile; fileRef = 0170E9C82BE8E91800D59D45 /* OnBoardingView.swift */; };
		0170E9CC2BE8EBF200D59D45 /* OnBoardingView+Title.swift in Sources */ = {isa = PBXBuildFile; fileRef = 0170E9CB2BE8EBF200D59D45 /* OnBoardingView+Title.swift */; };
		0170E9CE2BE8EC6700D59D45 /* OnBoardingView+Paragraph.swift in Sources */ = {isa = PBXBuildFile; fileRef = 0170E9CD2BE8EC6700D59D45 /* OnBoardingView+Paragraph.swift */; };
		0170E9D02BE8ED4D00D59D45 /* OnBoardingView+SignInButton.swift in Sources */ = {isa = PBXBuildFile; fileRef = 0170E9CF2BE8ED4D00D59D45 /* OnBoardingView+SignInButton.swift */; };
		0170E9D22BE8EDC300D59D45 /* OnBoardingView+Author.swift in Sources */ = {isa = PBXBuildFile; fileRef = 0170E9D12BE8EDC300D59D45 /* OnBoardingView+Author.swift */; };
		0170E9D52BE8FD1900D59D45 /* Store.swift in Sources */ = {isa = PBXBuildFile; fileRef = 0170E9D42BE8FD1900D59D45 /* Store.swift */; };
		0170E9D82BE8FE3700D59D45 /* EnvironmentValues+Store.swift in Sources */ = {isa = PBXBuildFile; fileRef = 0170E9D72BE8FE3700D59D45 /* EnvironmentValues+Store.swift */; };
		0170E9DB2BE9004900D59D45 /* HandleErrorsViewModifier.swift in Sources */ = {isa = PBXBuildFile; fileRef = 0170E9DA2BE9004900D59D45 /* HandleErrorsViewModifier.swift */; };
		0170E9DD2BE9037800D59D45 /* SlideInViewModifier.swift in Sources */ = {isa = PBXBuildFile; fileRef = 0170E9DC2BE9037800D59D45 /* SlideInViewModifier.swift */; };
		0176FCBD2BE9052200C41C06 /* AppScreen.swift in Sources */ = {isa = PBXBuildFile; fileRef = 0176FCBC2BE9052200C41C06 /* AppScreen.swift */; };
		0176FCBF2BE905D400C41C06 /* AppTabView.swift in Sources */ = {isa = PBXBuildFile; fileRef = 0176FCBE2BE905D400C41C06 /* AppTabView.swift */; };
		0176FCC22BE90F5000C41C06 /* AuthService.swift in Sources */ = {isa = PBXBuildFile; fileRef = 0176FCC12BE90F5000C41C06 /* AuthService.swift */; };
		01D976B12BE8D0D900DB9F30 /* Dashboard42App.swift in Sources */ = {isa = PBXBuildFile; fileRef = 01D976B02BE8D0D900DB9F30 /* Dashboard42App.swift */; };
		01D976B32BE8D0D900DB9F30 /* ContentView.swift in Sources */ = {isa = PBXBuildFile; fileRef = 01D976B22BE8D0D900DB9F30 /* ContentView.swift */; };
		01D976B52BE8D0DA00DB9F30 /* Assets.xcassets in Resources */ = {isa = PBXBuildFile; fileRef = 01D976B42BE8D0DA00DB9F30 /* Assets.xcassets */; };
		01D976B82BE8D0DA00DB9F30 /* Preview Assets.xcassets in Resources */ = {isa = PBXBuildFile; fileRef = 01D976B72BE8D0DA00DB9F30 /* Preview Assets.xcassets */; };
/* End PBXBuildFile section */

/* Begin PBXFileReference section */
		0170E9A12BE8D39E00D59D45 /* .gitignore */ = {isa = PBXFileReference; lastKnownFileType = text; path = .gitignore; sourceTree = "<group>"; };
		0170E9A32BE8D46D00D59D45 /* .swift-format */ = {isa = PBXFileReference; lastKnownFileType = text; path = ".swift-format"; sourceTree = "<group>"; };
		0170E9A42BE8D48300D59D45 /* README.md */ = {isa = PBXFileReference; lastKnownFileType = net.daringfireball.markdown; path = README.md; sourceTree = "<group>"; };
		0170E9A62BE8D50A00D59D45 /* Template.plist */ = {isa = PBXFileReference; lastKnownFileType = text.plist.xml; path = Template.plist; sourceTree = "<group>"; };
		0170E9A72BE8D57000D59D45 /* ci_pre_xcodebuild.sh */ = {isa = PBXFileReference; lastKnownFileType = text.script.sh; path = ci_pre_xcodebuild.sh; sourceTree = "<group>"; };
		0170E9A82BE8D5BD00D59D45 /* Api.plist */ = {isa = PBXFileReference; lastKnownFileType = text.plist.xml; path = Api.plist; sourceTree = "<group>"; };
		0170E9AD2BE8D77300D59D45 /* Api.swift */ = {isa = PBXFileReference; lastKnownFileType = sourcecode.swift; path = Api.swift; sourceTree = "<group>"; };
		0170E9AF2BE8D7D400D59D45 /* Api+Errors.swift */ = {isa = PBXFileReference; lastKnownFileType = sourcecode.swift; path = "Api+Errors.swift"; sourceTree = "<group>"; };
		0170E9B12BE8D7E700D59D45 /* Api+Endpoint.swift */ = {isa = PBXFileReference; lastKnownFileType = sourcecode.swift; path = "Api+Endpoint.swift"; sourceTree = "<group>"; };
		0170E9B42BE8D85900D59D45 /* Api+OAuthEndpoints.swift */ = {isa = PBXFileReference; lastKnownFileType = sourcecode.swift; path = "Api+OAuthEndpoints.swift"; sourceTree = "<group>"; };
		0170E9B72BE8D8A800D59D45 /* Api+OAuthApplication.swift */ = {isa = PBXFileReference; lastKnownFileType = sourcecode.swift; path = "Api+OAuthApplication.swift"; sourceTree = "<group>"; };
		0170E9B92BE8D8C800D59D45 /* Api+OAuthUser.swift */ = {isa = PBXFileReference; lastKnownFileType = sourcecode.swift; path = "Api+OAuthUser.swift"; sourceTree = "<group>"; };
		0170E9BC2BE8D98F00D59D45 /* Constants.swift */ = {isa = PBXFileReference; lastKnownFileType = sourcecode.swift; path = Constants.swift; sourceTree = "<group>"; };
		0170E9BF2BE8DCDD00D59D45 /* Keychain.swift */ = {isa = PBXFileReference; lastKnownFileType = sourcecode.swift; path = Keychain.swift; sourceTree = "<group>"; };
		0170E9C12BE8DE9E00D59D45 /* KeychainManager.swift */ = {isa = PBXFileReference; lastKnownFileType = sourcecode.swift; path = KeychainManager.swift; sourceTree = "<group>"; };
		0170E9C82BE8E91800D59D45 /* OnBoardingView.swift */ = {isa = PBXFileReference; lastKnownFileType = sourcecode.swift; path = OnBoardingView.swift; sourceTree = "<group>"; };
		0170E9CB2BE8EBF200D59D45 /* OnBoardingView+Title.swift */ = {isa = PBXFileReference; lastKnownFileType = sourcecode.swift; path = "OnBoardingView+Title.swift"; sourceTree = "<group>"; };
		0170E9CD2BE8EC6700D59D45 /* OnBoardingView+Paragraph.swift */ = {isa = PBXFileReference; lastKnownFileType = sourcecode.swift; path = "OnBoardingView+Paragraph.swift"; sourceTree = "<group>"; };
		0170E9CF2BE8ED4D00D59D45 /* OnBoardingView+SignInButton.swift */ = {isa = PBXFileReference; lastKnownFileType = sourcecode.swift; path = "OnBoardingView+SignInButton.swift"; sourceTree = "<group>"; };
		0170E9D12BE8EDC300D59D45 /* OnBoardingView+Author.swift */ = {isa = PBXFileReference; lastKnownFileType = sourcecode.swift; path = "OnBoardingView+Author.swift"; sourceTree = "<group>"; };
		0170E9D42BE8FD1900D59D45 /* Store.swift */ = {isa = PBXFileReference; lastKnownFileType = sourcecode.swift; path = Store.swift; sourceTree = "<group>"; };
		0170E9D72BE8FE3700D59D45 /* EnvironmentValues+Store.swift */ = {isa = PBXFileReference; lastKnownFileType = sourcecode.swift; path = "EnvironmentValues+Store.swift"; sourceTree = "<group>"; };
		0170E9DA2BE9004900D59D45 /* HandleErrorsViewModifier.swift */ = {isa = PBXFileReference; lastKnownFileType = sourcecode.swift; path = HandleErrorsViewModifier.swift; sourceTree = "<group>"; };
		0170E9DC2BE9037800D59D45 /* SlideInViewModifier.swift */ = {isa = PBXFileReference; lastKnownFileType = sourcecode.swift; path = SlideInViewModifier.swift; sourceTree = "<group>"; };
		0176FCBC2BE9052200C41C06 /* AppScreen.swift */ = {isa = PBXFileReference; lastKnownFileType = sourcecode.swift; path = AppScreen.swift; sourceTree = "<group>"; };
		0176FCBE2BE905D400C41C06 /* AppTabView.swift */ = {isa = PBXFileReference; lastKnownFileType = sourcecode.swift; path = AppTabView.swift; sourceTree = "<group>"; };
		0176FCC12BE90F5000C41C06 /* AuthService.swift */ = {isa = PBXFileReference; lastKnownFileType = sourcecode.swift; path = AuthService.swift; sourceTree = "<group>"; };
		0176FCC32BE9129200C41C06 /* Dashboard42.app */ = {isa = PBXFileReference; explicitFileType = wrapper.application; includeInIndex = 0; path = Dashboard42.app; sourceTree = BUILT_PRODUCTS_DIR; };
		0176FCC42BE9129200C41C06 /* Info.plist */ = {isa = PBXFileReference; lastKnownFileType = text.plist.xml; path = Info.plist; sourceTree = "<group>"; };
		01D976B02BE8D0D900DB9F30 /* Dashboard42App.swift */ = {isa = PBXFileReference; lastKnownFileType = sourcecode.swift; path = Dashboard42App.swift; sourceTree = "<group>"; };
		01D976B22BE8D0D900DB9F30 /* ContentView.swift */ = {isa = PBXFileReference; lastKnownFileType = sourcecode.swift; path = ContentView.swift; sourceTree = "<group>"; };
		01D976B42BE8D0DA00DB9F30 /* Assets.xcassets */ = {isa = PBXFileReference; lastKnownFileType = folder.assetcatalog; path = Assets.xcassets; sourceTree = "<group>"; };
		01D976B72BE8D0DA00DB9F30 /* Preview Assets.xcassets */ = {isa = PBXFileReference; lastKnownFileType = folder.assetcatalog; path = "Preview Assets.xcassets"; sourceTree = "<group>"; };
/* End PBXFileReference section */

/* Begin PBXFrameworksBuildPhase section */
		01D976AA2BE8D0D900DB9F30 /* Frameworks */ = {
			isa = PBXFrameworksBuildPhase;
			buildActionMask = 2147483647;
			files = (
			);
			runOnlyForDeploymentPostprocessing = 0;
		};
/* End PBXFrameworksBuildPhase section */

/* Begin PBXGroup section */
		0170E9A52BE8D4D300D59D45 /* ci_scripts */ = {
			isa = PBXGroup;
			children = (
				0170E9A62BE8D50A00D59D45 /* Template.plist */,
				0170E9A72BE8D57000D59D45 /* ci_pre_xcodebuild.sh */,
			);
			path = ci_scripts;
			sourceTree = "<group>";
		};
		0170E9AA2BE8D69C00D59D45 /* Ressources */ = {
			isa = PBXGroup;
			children = (
				01D976B42BE8D0DA00DB9F30 /* Assets.xcassets */,
			);
			path = Ressources;
			sourceTree = "<group>";
		};
		0170E9AB2BE8D73B00D59D45 /* Core */ = {
			isa = PBXGroup;
			children = (
				0170E9AC2BE8D75A00D59D45 /* Api */,
				0176FCC02BE90F3100C41C06 /* Auth */,
				0170E9BE2BE8DCC800D59D45 /* Keychain */,
				0170E9D32BE8FD1100D59D45 /* Store */,
			);
			path = Core;
			sourceTree = "<group>";
		};
		0170E9AC2BE8D75A00D59D45 /* Api */ = {
			isa = PBXGroup;
			children = (
				0170E9B32BE8D83D00D59D45 /* Endpoints */,
				0170E9B62BE8D89A00D59D45 /* Types */,
				0170E9AD2BE8D77300D59D45 /* Api.swift */,
				0170E9B12BE8D7E700D59D45 /* Api+Endpoint.swift */,
				0170E9AF2BE8D7D400D59D45 /* Api+Errors.swift */,
			);
			path = Api;
			sourceTree = "<group>";
		};
		0170E9B32BE8D83D00D59D45 /* Endpoints */ = {
			isa = PBXGroup;
			children = (
				0170E9B42BE8D85900D59D45 /* Api+OAuthEndpoints.swift */,
			);
			path = Endpoints;
			sourceTree = "<group>";
		};
		0170E9B62BE8D89A00D59D45 /* Types */ = {
			isa = PBXGroup;
			children = (
				0170E9B72BE8D8A800D59D45 /* Api+OAuthApplication.swift */,
				0170E9B92BE8D8C800D59D45 /* Api+OAuthUser.swift */,
			);
			path = Types;
			sourceTree = "<group>";
		};
		0170E9BB2BE8D97B00D59D45 /* Helpers */ = {
			isa = PBXGroup;
			children = (
				0170E9D62BE8FE2600D59D45 /* Extensions */,
				0170E9D92BE8FFEB00D59D45 /* View Modifiers */,
				0170E9BC2BE8D98F00D59D45 /* Constants.swift */,
			);
			path = Helpers;
			sourceTree = "<group>";
		};
		0170E9BE2BE8DCC800D59D45 /* Keychain */ = {
			isa = PBXGroup;
			children = (
				0170E9BF2BE8DCDD00D59D45 /* Keychain.swift */,
				0170E9C12BE8DE9E00D59D45 /* KeychainManager.swift */,
			);
			path = Keychain;
			sourceTree = "<group>";
		};
		0170E9C62BE8E90300D59D45 /* Views */ = {
			isa = PBXGroup;
			children = (
				0170E9DE2BE904AF00D59D45 /* Navigation */,
				0170E9C72BE8E90A00D59D45 /* On Boarding */,
			);
			path = Views;
			sourceTree = "<group>";
		};
		0170E9C72BE8E90A00D59D45 /* On Boarding */ = {
			isa = PBXGroup;
			children = (
				0170E9CA2BE8E92F00D59D45 /* Components */,
				0170E9C82BE8E91800D59D45 /* OnBoardingView.swift */,
			);
			path = "On Boarding";
			sourceTree = "<group>";
		};
		0170E9CA2BE8E92F00D59D45 /* Components */ = {
			isa = PBXGroup;
			children = (
				0170E9D12BE8EDC300D59D45 /* OnBoardingView+Author.swift */,
				0170E9CD2BE8EC6700D59D45 /* OnBoardingView+Paragraph.swift */,
				0170E9CF2BE8ED4D00D59D45 /* OnBoardingView+SignInButton.swift */,
				0170E9CB2BE8EBF200D59D45 /* OnBoardingView+Title.swift */,
			);
			path = Components;
			sourceTree = "<group>";
		};
		0170E9D32BE8FD1100D59D45 /* Store */ = {
			isa = PBXGroup;
			children = (
				0170E9D42BE8FD1900D59D45 /* Store.swift */,
			);
			path = Store;
			sourceTree = "<group>";
		};
		0170E9D62BE8FE2600D59D45 /* Extensions */ = {
			isa = PBXGroup;
			children = (
				0170E9D72BE8FE3700D59D45 /* EnvironmentValues+Store.swift */,
			);
			path = Extensions;
			sourceTree = "<group>";
		};
		0170E9D92BE8FFEB00D59D45 /* View Modifiers */ = {
			isa = PBXGroup;
			children = (
				0170E9DA2BE9004900D59D45 /* HandleErrorsViewModifier.swift */,
				0170E9DC2BE9037800D59D45 /* SlideInViewModifier.swift */,
			);
			path = "View Modifiers";
			sourceTree = "<group>";
		};
		0170E9DE2BE904AF00D59D45 /* Navigation */ = {
			isa = PBXGroup;
			children = (
				0176FCBC2BE9052200C41C06 /* AppScreen.swift */,
				0176FCBE2BE905D400C41C06 /* AppTabView.swift */,
				01D976B22BE8D0D900DB9F30 /* ContentView.swift */,
			);
			path = Navigation;
			sourceTree = "<group>";
		};
		0176FCC02BE90F3100C41C06 /* Auth */ = {
			isa = PBXGroup;
			children = (
				0176FCC12BE90F5000C41C06 /* AuthService.swift */,
			);
			path = Auth;
			sourceTree = "<group>";
		};
		01D976A42BE8D0D900DB9F30 = {
			isa = PBXGroup;
			children = (
				0170E9A52BE8D4D300D59D45 /* ci_scripts */,
				01D976AF2BE8D0D900DB9F30 /* Dashboard42 */,
				0170E9A12BE8D39E00D59D45 /* .gitignore */,
				0170E9A32BE8D46D00D59D45 /* .swift-format */,
				0170E9A42BE8D48300D59D45 /* README.md */,
				0176FCC32BE9129200C41C06 /* Dashboard42.app */,
			);
			sourceTree = "<group>";
		};
		01D976AF2BE8D0D900DB9F30 /* Dashboard42 */ = {
			isa = PBXGroup;
			children = (
				0170E9AB2BE8D73B00D59D45 /* Core */,
				0170E9BB2BE8D97B00D59D45 /* Helpers */,
				01D976B62BE8D0DA00DB9F30 /* Preview Content */,
				0170E9AA2BE8D69C00D59D45 /* Ressources */,
				0170E9C62BE8E90300D59D45 /* Views */,
				01D976B02BE8D0D900DB9F30 /* Dashboard42App.swift */,
				0170E9A82BE8D5BD00D59D45 /* Api.plist */,
				0176FCC42BE9129200C41C06 /* Info.plist */,
			);
			path = Dashboard42;
			sourceTree = "<group>";
		};
		01D976B62BE8D0DA00DB9F30 /* Preview Content */ = {
			isa = PBXGroup;
			children = (
				01D976B72BE8D0DA00DB9F30 /* Preview Assets.xcassets */,
			);
			path = "Preview Content";
			sourceTree = "<group>";
		};
/* End PBXGroup section */

/* Begin PBXNativeTarget section */
		01D976AC2BE8D0D900DB9F30 /* Dashboard42 */ = {
			isa = PBXNativeTarget;
			buildConfigurationList = 01D976BB2BE8D0DA00DB9F30 /* Build configuration list for PBXNativeTarget "Dashboard42" */;
			buildPhases = (
				01D976A92BE8D0D900DB9F30 /* Sources */,
				01D976AA2BE8D0D900DB9F30 /* Frameworks */,
				01D976AB2BE8D0D900DB9F30 /* Resources */,
				0170E9A22BE8D3E700D59D45 /* Format */,
			);
			buildRules = (
			);
			dependencies = (
			);
			name = Dashboard42;
			productName = Dashboard42;
			productReference = 0176FCC32BE9129200C41C06 /* Dashboard42.app */;
			productType = "com.apple.product-type.application";
		};
/* End PBXNativeTarget section */

/* Begin PBXProject section */
		01D976A52BE8D0D900DB9F30 /* Project object */ = {
			isa = PBXProject;
			attributes = {
				BuildIndependentTargetsInParallel = 1;
				LastSwiftUpdateCheck = 1530;
				LastUpgradeCheck = 1530;
				TargetAttributes = {
					01D976AC2BE8D0D900DB9F30 = {
						CreatedOnToolsVersion = 15.3;
					};
				};
			};
			buildConfigurationList = 01D976A82BE8D0D900DB9F30 /* Build configuration list for PBXProject "Dashboard42" */;
			compatibilityVersion = "Xcode 14.0";
			developmentRegion = fr;
			hasScannedForEncodings = 0;
			knownRegions = (
				en,
				Base,
				fr,
			);
			mainGroup = 01D976A42BE8D0D900DB9F30;
			productRefGroup = 01D976A42BE8D0D900DB9F30;
			projectDirPath = "";
			projectRoot = "";
			targets = (
				01D976AC2BE8D0D900DB9F30 /* Dashboard42 */,
			);
		};
/* End PBXProject section */

/* Begin PBXResourcesBuildPhase section */
		01D976AB2BE8D0D900DB9F30 /* Resources */ = {
			isa = PBXResourcesBuildPhase;
			buildActionMask = 2147483647;
			files = (
				0170E9A92BE8D5BD00D59D45 /* Api.plist in Resources */,
				01D976B82BE8D0DA00DB9F30 /* Preview Assets.xcassets in Resources */,
				01D976B52BE8D0DA00DB9F30 /* Assets.xcassets in Resources */,
			);
			runOnlyForDeploymentPostprocessing = 0;
		};
/* End PBXResourcesBuildPhase section */

/* Begin PBXShellScriptBuildPhase section */
		0170E9A22BE8D3E700D59D45 /* Format */ = {
			isa = PBXShellScriptBuildPhase;
			buildActionMask = 2147483647;
			files = (
			);
			inputFileListPaths = (
			);
			inputPaths = (
			);
			name = Format;
			outputFileListPaths = (
			);
			outputPaths = (
			);
			runOnlyForDeploymentPostprocessing = 0;
			shellPath = /bin/sh;
			shellScript = "if [[ \"${ENABLE_PREVIEWS}\" = \"YES\" ]]; then\n  echo \"Not running swift-format for Xcode Previews\"\n  exit 0;\nfi\n\nif [[ \"$(uname -m)\" == arm64 ]]; then\n    export PATH=\"/opt/homebrew/bin:$PATH\"\nfi\n\nif which swift-format > /dev/null; then\n  swift-format format --in-place --recursive .\nelse\n  echo \"warning: swift-format not installed, download from https://github.com/apple/swift-format\"\nfi\n";
		};
/* End PBXShellScriptBuildPhase section */

/* Begin PBXSourcesBuildPhase section */
		01D976A92BE8D0D900DB9F30 /* Sources */ = {
			isa = PBXSourcesBuildPhase;
			buildActionMask = 2147483647;
			files = (
				0170E9AE2BE8D77300D59D45 /* Api.swift in Sources */,
				0176FCC22BE90F5000C41C06 /* AuthService.swift in Sources */,
				0170E9B52BE8D85900D59D45 /* Api+OAuthEndpoints.swift in Sources */,
				0170E9D22BE8EDC300D59D45 /* OnBoardingView+Author.swift in Sources */,
				0170E9DB2BE9004900D59D45 /* HandleErrorsViewModifier.swift in Sources */,
				0170E9B02BE8D7D400D59D45 /* Api+Errors.swift in Sources */,
				0170E9BA2BE8D8C800D59D45 /* Api+OAuthUser.swift in Sources */,
				0170E9DD2BE9037800D59D45 /* SlideInViewModifier.swift in Sources */,
				01D976B32BE8D0D900DB9F30 /* ContentView.swift in Sources */,
				0176FCBD2BE9052200C41C06 /* AppScreen.swift in Sources */,
				0170E9CC2BE8EBF200D59D45 /* OnBoardingView+Title.swift in Sources */,
				0176FCBF2BE905D400C41C06 /* AppTabView.swift in Sources */,
				0170E9CE2BE8EC6700D59D45 /* OnBoardingView+Paragraph.swift in Sources */,
				01D976B12BE8D0D900DB9F30 /* Dashboard42App.swift in Sources */,
				0170E9C22BE8DE9E00D59D45 /* KeychainManager.swift in Sources */,
				0170E9D52BE8FD1900D59D45 /* Store.swift in Sources */,
				0170E9B22BE8D7E700D59D45 /* Api+Endpoint.swift in Sources */,
				0170E9B82BE8D8A800D59D45 /* Api+OAuthApplication.swift in Sources */,
				0170E9D82BE8FE3700D59D45 /* EnvironmentValues+Store.swift in Sources */,
				0170E9D02BE8ED4D00D59D45 /* OnBoardingView+SignInButton.swift in Sources */,
				0170E9C92BE8E91800D59D45 /* OnBoardingView.swift in Sources */,
				0170E9BD2BE8D98F00D59D45 /* Constants.swift in Sources */,
				0170E9C02BE8DCDD00D59D45 /* Keychain.swift in Sources */,
			);
			runOnlyForDeploymentPostprocessing = 0;
		};
/* End PBXSourcesBuildPhase section */

/* Begin XCBuildConfiguration section */
		01D976B92BE8D0DA00DB9F30 /* Debug */ = {
			isa = XCBuildConfiguration;
			buildSettings = {
				ALWAYS_SEARCH_USER_PATHS = NO;
				ASSETCATALOG_COMPILER_GENERATE_SWIFT_ASSET_SYMBOL_EXTENSIONS = YES;
				CLANG_ANALYZER_NONNULL = YES;
				CLANG_ANALYZER_NUMBER_OBJECT_CONVERSION = YES_AGGRESSIVE;
				CLANG_CXX_LANGUAGE_STANDARD = "gnu++20";
				CLANG_ENABLE_MODULES = YES;
				CLANG_ENABLE_OBJC_ARC = YES;
				CLANG_ENABLE_OBJC_WEAK = YES;
				CLANG_WARN_BLOCK_CAPTURE_AUTORELEASING = YES;
				CLANG_WARN_BOOL_CONVERSION = YES;
				CLANG_WARN_COMMA = YES;
				CLANG_WARN_CONSTANT_CONVERSION = YES;
				CLANG_WARN_DEPRECATED_OBJC_IMPLEMENTATIONS = YES;
				CLANG_WARN_DIRECT_OBJC_ISA_USAGE = YES_ERROR;
				CLANG_WARN_DOCUMENTATION_COMMENTS = YES;
				CLANG_WARN_EMPTY_BODY = YES;
				CLANG_WARN_ENUM_CONVERSION = YES;
				CLANG_WARN_INFINITE_RECURSION = YES;
				CLANG_WARN_INT_CONVERSION = YES;
				CLANG_WARN_NON_LITERAL_NULL_CONVERSION = YES;
				CLANG_WARN_OBJC_IMPLICIT_RETAIN_SELF = YES;
				CLANG_WARN_OBJC_LITERAL_CONVERSION = YES;
				CLANG_WARN_OBJC_ROOT_CLASS = YES_ERROR;
				CLANG_WARN_QUOTED_INCLUDE_IN_FRAMEWORK_HEADER = YES;
				CLANG_WARN_RANGE_LOOP_ANALYSIS = YES;
				CLANG_WARN_STRICT_PROTOTYPES = YES;
				CLANG_WARN_SUSPICIOUS_MOVE = YES;
				CLANG_WARN_UNGUARDED_AVAILABILITY = YES_AGGRESSIVE;
				CLANG_WARN_UNREACHABLE_CODE = YES;
				CLANG_WARN__DUPLICATE_METHOD_MATCH = YES;
				COPY_PHASE_STRIP = NO;
				DEBUG_INFORMATION_FORMAT = dwarf;
				ENABLE_STRICT_OBJC_MSGSEND = YES;
				ENABLE_TESTABILITY = YES;
				ENABLE_USER_SCRIPT_SANDBOXING = YES;
				GCC_C_LANGUAGE_STANDARD = gnu17;
				GCC_DYNAMIC_NO_PIC = NO;
				GCC_NO_COMMON_BLOCKS = YES;
				GCC_OPTIMIZATION_LEVEL = 0;
				GCC_PREPROCESSOR_DEFINITIONS = (
					"DEBUG=1",
					"$(inherited)",
				);
				GCC_WARN_64_TO_32_BIT_CONVERSION = YES;
				GCC_WARN_ABOUT_RETURN_TYPE = YES_ERROR;
				GCC_WARN_UNDECLARED_SELECTOR = YES;
				GCC_WARN_UNINITIALIZED_AUTOS = YES_AGGRESSIVE;
				GCC_WARN_UNUSED_FUNCTION = YES;
				GCC_WARN_UNUSED_VARIABLE = YES;
				IPHONEOS_DEPLOYMENT_TARGET = 17.0;
				LOCALIZATION_PREFERS_STRING_CATALOGS = YES;
				MTL_ENABLE_DEBUG_INFO = INCLUDE_SOURCE;
				MTL_FAST_MATH = YES;
				ONLY_ACTIVE_ARCH = YES;
				SDKROOT = iphoneos;
				SWIFT_ACTIVE_COMPILATION_CONDITIONS = "DEBUG $(inherited)";
				SWIFT_OPTIMIZATION_LEVEL = "-Onone";
			};
			name = Debug;
		};
		01D976BA2BE8D0DA00DB9F30 /* Release */ = {
			isa = XCBuildConfiguration;
			buildSettings = {
				ALWAYS_SEARCH_USER_PATHS = NO;
				ASSETCATALOG_COMPILER_GENERATE_SWIFT_ASSET_SYMBOL_EXTENSIONS = YES;
				CLANG_ANALYZER_NONNULL = YES;
				CLANG_ANALYZER_NUMBER_OBJECT_CONVERSION = YES_AGGRESSIVE;
				CLANG_CXX_LANGUAGE_STANDARD = "gnu++20";
				CLANG_ENABLE_MODULES = YES;
				CLANG_ENABLE_OBJC_ARC = YES;
				CLANG_ENABLE_OBJC_WEAK = YES;
				CLANG_WARN_BLOCK_CAPTURE_AUTORELEASING = YES;
				CLANG_WARN_BOOL_CONVERSION = YES;
				CLANG_WARN_COMMA = YES;
				CLANG_WARN_CONSTANT_CONVERSION = YES;
				CLANG_WARN_DEPRECATED_OBJC_IMPLEMENTATIONS = YES;
				CLANG_WARN_DIRECT_OBJC_ISA_USAGE = YES_ERROR;
				CLANG_WARN_DOCUMENTATION_COMMENTS = YES;
				CLANG_WARN_EMPTY_BODY = YES;
				CLANG_WARN_ENUM_CONVERSION = YES;
				CLANG_WARN_INFINITE_RECURSION = YES;
				CLANG_WARN_INT_CONVERSION = YES;
				CLANG_WARN_NON_LITERAL_NULL_CONVERSION = YES;
				CLANG_WARN_OBJC_IMPLICIT_RETAIN_SELF = YES;
				CLANG_WARN_OBJC_LITERAL_CONVERSION = YES;
				CLANG_WARN_OBJC_ROOT_CLASS = YES_ERROR;
				CLANG_WARN_QUOTED_INCLUDE_IN_FRAMEWORK_HEADER = YES;
				CLANG_WARN_RANGE_LOOP_ANALYSIS = YES;
				CLANG_WARN_STRICT_PROTOTYPES = YES;
				CLANG_WARN_SUSPICIOUS_MOVE = YES;
				CLANG_WARN_UNGUARDED_AVAILABILITY = YES_AGGRESSIVE;
				CLANG_WARN_UNREACHABLE_CODE = YES;
				CLANG_WARN__DUPLICATE_METHOD_MATCH = YES;
				COPY_PHASE_STRIP = NO;
				DEBUG_INFORMATION_FORMAT = "dwarf-with-dsym";
				ENABLE_NS_ASSERTIONS = NO;
				ENABLE_STRICT_OBJC_MSGSEND = YES;
				ENABLE_USER_SCRIPT_SANDBOXING = YES;
				GCC_C_LANGUAGE_STANDARD = gnu17;
				GCC_NO_COMMON_BLOCKS = YES;
				GCC_WARN_64_TO_32_BIT_CONVERSION = YES;
				GCC_WARN_ABOUT_RETURN_TYPE = YES_ERROR;
				GCC_WARN_UNDECLARED_SELECTOR = YES;
				GCC_WARN_UNINITIALIZED_AUTOS = YES_AGGRESSIVE;
				GCC_WARN_UNUSED_FUNCTION = YES;
				GCC_WARN_UNUSED_VARIABLE = YES;
				IPHONEOS_DEPLOYMENT_TARGET = 17.0;
				LOCALIZATION_PREFERS_STRING_CATALOGS = YES;
				MTL_ENABLE_DEBUG_INFO = NO;
				MTL_FAST_MATH = YES;
				SDKROOT = iphoneos;
				SWIFT_COMPILATION_MODE = wholemodule;
				VALIDATE_PRODUCT = YES;
			};
			name = Release;
		};
		01D976BC2BE8D0DA00DB9F30 /* Debug */ = {
			isa = XCBuildConfiguration;
			buildSettings = {
				ASSETCATALOG_COMPILER_APPICON_NAME = AppIcon;
				ASSETCATALOG_COMPILER_GLOBAL_ACCENT_COLOR_NAME = AccentColor;
				CODE_SIGN_STYLE = Automatic;
				CURRENT_PROJECT_VERSION = 1;
				DEVELOPMENT_ASSET_PATHS = "\"Dashboard42/Preview Content\"";
				DEVELOPMENT_TEAM = BHH429N5DK;
				ENABLE_PREVIEWS = YES;
				GENERATE_INFOPLIST_FILE = YES;
				INFOPLIST_FILE = Dashboard42/Info.plist;
				INFOPLIST_KEY_CFBundleDisplayName = Dashboard42;
				INFOPLIST_KEY_LSApplicationCategoryType = "public.app-category.education";
				INFOPLIST_KEY_UIApplicationSceneManifest_Generation = YES;
				INFOPLIST_KEY_UIApplicationSupportsIndirectInputEvents = YES;
				INFOPLIST_KEY_UILaunchScreen_Generation = YES;
				INFOPLIST_KEY_UISupportedInterfaceOrientations = UIInterfaceOrientationPortrait;
				IPHONEOS_DEPLOYMENT_TARGET = 17.0;
				LD_RUNPATH_SEARCH_PATHS = (
					"$(inherited)",
					"@executable_path/Frameworks",
				);
				MARKETING_VERSION = 0.2.0;
				PRODUCT_BUNDLE_IDENTIFIER = fr.marcmosca.Dashboard42;
				PRODUCT_NAME = "$(TARGET_NAME)";
				SWIFT_EMIT_LOC_STRINGS = YES;
				SWIFT_VERSION = 5.0;
				TARGETED_DEVICE_FAMILY = "1,2";
			};
			name = Debug;
		};
		01D976BD2BE8D0DA00DB9F30 /* Release */ = {
			isa = XCBuildConfiguration;
			buildSettings = {
				ASSETCATALOG_COMPILER_APPICON_NAME = AppIcon;
				ASSETCATALOG_COMPILER_GLOBAL_ACCENT_COLOR_NAME = AccentColor;
				CODE_SIGN_STYLE = Automatic;
				CURRENT_PROJECT_VERSION = 1;
				DEVELOPMENT_ASSET_PATHS = "\"Dashboard42/Preview Content\"";
				DEVELOPMENT_TEAM = BHH429N5DK;
				ENABLE_PREVIEWS = YES;
				GENERATE_INFOPLIST_FILE = YES;
				INFOPLIST_FILE = Dashboard42/Info.plist;
				INFOPLIST_KEY_CFBundleDisplayName = Dashboard42;
				INFOPLIST_KEY_LSApplicationCategoryType = "public.app-category.education";
				INFOPLIST_KEY_UIApplicationSceneManifest_Generation = YES;
				INFOPLIST_KEY_UIApplicationSupportsIndirectInputEvents = YES;
				INFOPLIST_KEY_UILaunchScreen_Generation = YES;
				INFOPLIST_KEY_UISupportedInterfaceOrientations = UIInterfaceOrientationPortrait;
				IPHONEOS_DEPLOYMENT_TARGET = 17.0;
				LD_RUNPATH_SEARCH_PATHS = (
					"$(inherited)",
					"@executable_path/Frameworks",
				);
				MARKETING_VERSION = 0.2.0;
				PRODUCT_BUNDLE_IDENTIFIER = fr.marcmosca.Dashboard42;
				PRODUCT_NAME = "$(TARGET_NAME)";
				SWIFT_EMIT_LOC_STRINGS = YES;
				SWIFT_VERSION = 5.0;
				TARGETED_DEVICE_FAMILY = "1,2";
			};
			name = Release;
		};
/* End XCBuildConfiguration section */

/* Begin XCConfigurationList section */
		01D976A82BE8D0D900DB9F30 /* Build configuration list for PBXProject "Dashboard42" */ = {
			isa = XCConfigurationList;
			buildConfigurations = (
				01D976B92BE8D0DA00DB9F30 /* Debug */,
				01D976BA2BE8D0DA00DB9F30 /* Release */,
			);
			defaultConfigurationIsVisible = 0;
			defaultConfigurationName = Release;
		};
		01D976BB2BE8D0DA00DB9F30 /* Build configuration list for PBXNativeTarget "Dashboard42" */ = {
			isa = XCConfigurationList;
			buildConfigurations = (
				01D976BC2BE8D0DA00DB9F30 /* Debug */,
				01D976BD2BE8D0DA00DB9F30 /* Release */,
			);
			defaultConfigurationIsVisible = 0;
			defaultConfigurationName = Release;
		};
/* End XCConfigurationList section */
	};
	rootObject = 01D976A52BE8D0D900DB9F30 /* Project object */;
}
