// !$*UTF8*$!
{
	archiveVersion = 1;
	classes = {
	};
	objectVersion = 56;
	objects = {

/* Begin PBXBuildFile section */
		01454F162C52A2E300AC5B12 /* Dashboard42Tests.swift in Sources */ = {isa = PBXBuildFile; fileRef = 01454F152C52A2E300AC5B12 /* Dashboard42Tests.swift */; };
		01454F232C52A36200AC5B12 /* Dashboard42UITests.swift in Sources */ = {isa = PBXBuildFile; fileRef = 01454F222C52A36200AC5B12 /* Dashboard42UITests.swift */; };
		01454F252C52A36200AC5B12 /* Dashboard42UITestsLaunchTests.swift in Sources */ = {isa = PBXBuildFile; fileRef = 01454F242C52A36200AC5B12 /* Dashboard42UITestsLaunchTests.swift */; };
		01D976B12BE8D0D900DB9F30 /* Dashboard42App.swift in Sources */ = {isa = PBXBuildFile; fileRef = 01D976B02BE8D0D900DB9F30 /* Dashboard42App.swift */; };
		01D976B32BE8D0D900DB9F30 /* ContentView.swift in Sources */ = {isa = PBXBuildFile; fileRef = 01D976B22BE8D0D900DB9F30 /* ContentView.swift */; };
		01D976B52BE8D0DA00DB9F30 /* Assets.xcassets in Resources */ = {isa = PBXBuildFile; fileRef = 01D976B42BE8D0DA00DB9F30 /* Assets.xcassets */; };
		01D976B82BE8D0DA00DB9F30 /* Preview Assets.xcassets in Resources */ = {isa = PBXBuildFile; fileRef = 01D976B72BE8D0DA00DB9F30 /* Preview Assets.xcassets */; };
/* End PBXBuildFile section */

/* Begin PBXContainerItemProxy section */
		01454F172C52A2E300AC5B12 /* PBXContainerItemProxy */ = {
			isa = PBXContainerItemProxy;
			containerPortal = 01D976A52BE8D0D900DB9F30 /* Project object */;
			proxyType = 1;
			remoteGlobalIDString = 01D976AC2BE8D0D900DB9F30;
			remoteInfo = Dashboard42;
		};
		01454F262C52A36200AC5B12 /* PBXContainerItemProxy */ = {
			isa = PBXContainerItemProxy;
			containerPortal = 01D976A52BE8D0D900DB9F30 /* Project object */;
			proxyType = 1;
			remoteGlobalIDString = 01D976AC2BE8D0D900DB9F30;
			remoteInfo = Dashboard42;
		};
/* End PBXContainerItemProxy section */

/* Begin PBXFileReference section */
		01454F152C52A2E300AC5B12 /* Dashboard42Tests.swift */ = {isa = PBXFileReference; lastKnownFileType = sourcecode.swift; path = Dashboard42Tests.swift; sourceTree = "<group>"; };
		01454F222C52A36200AC5B12 /* Dashboard42UITests.swift */ = {isa = PBXFileReference; lastKnownFileType = sourcecode.swift; path = Dashboard42UITests.swift; sourceTree = "<group>"; };
		01454F242C52A36200AC5B12 /* Dashboard42UITestsLaunchTests.swift */ = {isa = PBXFileReference; lastKnownFileType = sourcecode.swift; path = Dashboard42UITestsLaunchTests.swift; sourceTree = "<group>"; };
		01454F2B2C52A39E00AC5B12 /* Dashboard42.xctestplan */ = {isa = PBXFileReference; lastKnownFileType = text; path = Dashboard42.xctestplan; sourceTree = "<group>"; };
		01454F2C2C52A40900AC5B12 /* XcodeWarnings.xcconfig */ = {isa = PBXFileReference; lastKnownFileType = text.xcconfig; path = XcodeWarnings.xcconfig; sourceTree = "<group>"; };
		01454F2D2C52A51700AC5B12 /* Dashboard42.app */ = {isa = PBXFileReference; explicitFileType = wrapper.application; includeInIndex = 0; path = Dashboard42.app; sourceTree = BUILT_PRODUCTS_DIR; };
		01454F2E2C52A55B00AC5B12 /* Dashboard42Tests.xctest */ = {isa = PBXFileReference; explicitFileType = wrapper.cfbundle; includeInIndex = 0; path = Dashboard42Tests.xctest; sourceTree = BUILT_PRODUCTS_DIR; };
		01454F2F2C52A55B00AC5B12 /* Dashboard42UITests.xctest */ = {isa = PBXFileReference; explicitFileType = wrapper.cfbundle; includeInIndex = 0; path = Dashboard42UITests.xctest; sourceTree = BUILT_PRODUCTS_DIR; };
		0170E9A12BE8D39E00D59D45 /* .gitignore */ = {isa = PBXFileReference; lastKnownFileType = text; path = .gitignore; sourceTree = "<group>"; };
		0170E9A42BE8D48300D59D45 /* README.md */ = {isa = PBXFileReference; lastKnownFileType = net.daringfireball.markdown; path = README.md; sourceTree = "<group>"; };
		01D976B02BE8D0D900DB9F30 /* Dashboard42App.swift */ = {isa = PBXFileReference; lastKnownFileType = sourcecode.swift; path = Dashboard42App.swift; sourceTree = "<group>"; };
		01D976B22BE8D0D900DB9F30 /* ContentView.swift */ = {isa = PBXFileReference; lastKnownFileType = sourcecode.swift; path = ContentView.swift; sourceTree = "<group>"; };
		01D976B42BE8D0DA00DB9F30 /* Assets.xcassets */ = {isa = PBXFileReference; lastKnownFileType = folder.assetcatalog; path = Assets.xcassets; sourceTree = "<group>"; };
		01D976B72BE8D0DA00DB9F30 /* Preview Assets.xcassets */ = {isa = PBXFileReference; lastKnownFileType = folder.assetcatalog; path = "Preview Assets.xcassets"; sourceTree = "<group>"; };
/* End PBXFileReference section */

/* Begin PBXFrameworksBuildPhase section */
		01454F102C52A2E300AC5B12 /* Frameworks */ = {
			isa = PBXFrameworksBuildPhase;
			buildActionMask = 2147483647;
			files = (
			);
			runOnlyForDeploymentPostprocessing = 0;
		};
		01454F1D2C52A36200AC5B12 /* Frameworks */ = {
			isa = PBXFrameworksBuildPhase;
			buildActionMask = 2147483647;
			files = (
			);
			runOnlyForDeploymentPostprocessing = 0;
		};
		01D976AA2BE8D0D900DB9F30 /* Frameworks */ = {
			isa = PBXFrameworksBuildPhase;
			buildActionMask = 2147483647;
			files = (
			);
			runOnlyForDeploymentPostprocessing = 0;
		};
/* End PBXFrameworksBuildPhase section */

/* Begin PBXGroup section */
		01454F142C52A2E300AC5B12 /* Dashboard42Tests */ = {
			isa = PBXGroup;
			children = (
				01454F152C52A2E300AC5B12 /* Dashboard42Tests.swift */,
			);
			path = Dashboard42Tests;
			sourceTree = "<group>";
		};
		01454F212C52A36200AC5B12 /* Dashboard42UITests */ = {
			isa = PBXGroup;
			children = (
				01454F222C52A36200AC5B12 /* Dashboard42UITests.swift */,
				01454F242C52A36200AC5B12 /* Dashboard42UITestsLaunchTests.swift */,
			);
			path = Dashboard42UITests;
			sourceTree = "<group>";
		};
		0170E9AA2BE8D69C00D59D45 /* Ressources */ = {
			isa = PBXGroup;
			children = (
				01D976B42BE8D0DA00DB9F30 /* Assets.xcassets */,
			);
			path = Ressources;
			sourceTree = "<group>";
		};
		01D976A42BE8D0D900DB9F30 = {
			isa = PBXGroup;
			children = (
				01454F2C2C52A40900AC5B12 /* XcodeWarnings.xcconfig */,
				01454F2B2C52A39E00AC5B12 /* Dashboard42.xctestplan */,
				01D976AF2BE8D0D900DB9F30 /* Dashboard42 */,
				01454F142C52A2E300AC5B12 /* Dashboard42Tests */,
				01454F212C52A36200AC5B12 /* Dashboard42UITests */,
				0170E9A12BE8D39E00D59D45 /* .gitignore */,
				0170E9A42BE8D48300D59D45 /* README.md */,
				01454F2D2C52A51700AC5B12 /* Dashboard42.app */,
				01454F2E2C52A55B00AC5B12 /* Dashboard42Tests.xctest */,
				01454F2F2C52A55B00AC5B12 /* Dashboard42UITests.xctest */,
			);
			sourceTree = "<group>";
		};
		01D976AF2BE8D0D900DB9F30 /* Dashboard42 */ = {
			isa = PBXGroup;
			children = (
				01D976B62BE8D0DA00DB9F30 /* Preview Content */,
				0170E9AA2BE8D69C00D59D45 /* Ressources */,
				01D976B22BE8D0D900DB9F30 /* ContentView.swift */,
				01D976B02BE8D0D900DB9F30 /* Dashboard42App.swift */,
			);
			path = Dashboard42;
			sourceTree = "<group>";
		};
		01D976B62BE8D0DA00DB9F30 /* Preview Content */ = {
			isa = PBXGroup;
			children = (
				01D976B72BE8D0DA00DB9F30 /* Preview Assets.xcassets */,
			);
			path = "Preview Content";
			sourceTree = "<group>";
		};
/* End PBXGroup section */

/* Begin PBXNativeTarget section */
		01454F122C52A2E300AC5B12 /* Dashboard42Tests */ = {
			isa = PBXNativeTarget;
			buildConfigurationList = 01454F192C52A2E300AC5B12 /* Build configuration list for PBXNativeTarget "Dashboard42Tests" */;
			buildPhases = (
				01454F0F2C52A2E300AC5B12 /* Sources */,
				01454F102C52A2E300AC5B12 /* Frameworks */,
				01454F112C52A2E300AC5B12 /* Resources */,
			);
			buildRules = (
			);
			dependencies = (
				01454F182C52A2E300AC5B12 /* PBXTargetDependency */,
			);
			name = Dashboard42Tests;
			productName = Dashboard42Tests;
			productReference = 01454F2E2C52A55B00AC5B12 /* Dashboard42Tests.xctest */;
			productType = "com.apple.product-type.bundle.unit-test";
		};
		01454F1F2C52A36200AC5B12 /* Dashboard42UITests */ = {
			isa = PBXNativeTarget;
			buildConfigurationList = 01454F282C52A36200AC5B12 /* Build configuration list for PBXNativeTarget "Dashboard42UITests" */;
			buildPhases = (
				01454F1C2C52A36200AC5B12 /* Sources */,
				01454F1D2C52A36200AC5B12 /* Frameworks */,
				01454F1E2C52A36200AC5B12 /* Resources */,
			);
			buildRules = (
			);
			dependencies = (
				01454F272C52A36200AC5B12 /* PBXTargetDependency */,
			);
			name = Dashboard42UITests;
			productName = Dashboard42UITests;
			productReference = 01454F2F2C52A55B00AC5B12 /* Dashboard42UITests.xctest */;
			productType = "com.apple.product-type.bundle.ui-testing";
		};
		01D976AC2BE8D0D900DB9F30 /* Dashboard42 */ = {
			isa = PBXNativeTarget;
			buildConfigurationList = 01D976BB2BE8D0DA00DB9F30 /* Build configuration list for PBXNativeTarget "Dashboard42" */;
			buildPhases = (
				01D976A92BE8D0D900DB9F30 /* Sources */,
				01D976AA2BE8D0D900DB9F30 /* Frameworks */,
				01D976AB2BE8D0D900DB9F30 /* Resources */,
			);
			buildRules = (
			);
			dependencies = (
			);
			name = Dashboard42;
			productName = Dashboard42;
			productReference = 01454F2D2C52A51700AC5B12 /* Dashboard42.app */;
			productType = "com.apple.product-type.application";
		};
/* End PBXNativeTarget section */

/* Begin PBXProject section */
		01D976A52BE8D0D900DB9F30 /* Project object */ = {
			isa = PBXProject;
			attributes = {
				BuildIndependentTargetsInParallel = 1;
				LastSwiftUpdateCheck = 1540;
				LastUpgradeCheck = 1530;
				TargetAttributes = {
					01454F122C52A2E300AC5B12 = {
						CreatedOnToolsVersion = 15.4;
						TestTargetID = 01D976AC2BE8D0D900DB9F30;
					};
					01454F1F2C52A36200AC5B12 = {
						CreatedOnToolsVersion = 15.4;
						TestTargetID = 01D976AC2BE8D0D900DB9F30;
					};
					01D976AC2BE8D0D900DB9F30 = {
						CreatedOnToolsVersion = 15.3;
					};
				};
			};
			buildConfigurationList = 01D976A82BE8D0D900DB9F30 /* Build configuration list for PBXProject "Dashboard42" */;
			compatibilityVersion = "Xcode 14.0";
			developmentRegion = fr;
			hasScannedForEncodings = 0;
			knownRegions = (
				en,
				Base,
				fr,
			);
			mainGroup = 01D976A42BE8D0D900DB9F30;
			productRefGroup = 01D976A42BE8D0D900DB9F30;
			projectDirPath = "";
			projectRoot = "";
			targets = (
				01D976AC2BE8D0D900DB9F30 /* Dashboard42 */,
				01454F122C52A2E300AC5B12 /* Dashboard42Tests */,
				01454F1F2C52A36200AC5B12 /* Dashboard42UITests */,
			);
		};
/* End PBXProject section */

/* Begin PBXResourcesBuildPhase section */
		01454F112C52A2E300AC5B12 /* Resources */ = {
			isa = PBXResourcesBuildPhase;
			buildActionMask = 2147483647;
			files = (
			);
			runOnlyForDeploymentPostprocessing = 0;
		};
		01454F1E2C52A36200AC5B12 /* Resources */ = {
			isa = PBXResourcesBuildPhase;
			buildActionMask = 2147483647;
			files = (
			);
			runOnlyForDeploymentPostprocessing = 0;
		};
		01D976AB2BE8D0D900DB9F30 /* Resources */ = {
			isa = PBXResourcesBuildPhase;
			buildActionMask = 2147483647;
			files = (
				01D976B82BE8D0DA00DB9F30 /* Preview Assets.xcassets in Resources */,
				01D976B52BE8D0DA00DB9F30 /* Assets.xcassets in Resources */,
			);
			runOnlyForDeploymentPostprocessing = 0;
		};
/* End PBXResourcesBuildPhase section */

/* Begin PBXSourcesBuildPhase section */
		01454F0F2C52A2E300AC5B12 /* Sources */ = {
			isa = PBXSourcesBuildPhase;
			buildActionMask = 2147483647;
			files = (
				01454F162C52A2E300AC5B12 /* Dashboard42Tests.swift in Sources */,
			);
			runOnlyForDeploymentPostprocessing = 0;
		};
		01454F1C2C52A36200AC5B12 /* Sources */ = {
			isa = PBXSourcesBuildPhase;
			buildActionMask = 2147483647;
			files = (
				01454F232C52A36200AC5B12 /* Dashboard42UITests.swift in Sources */,
				01454F252C52A36200AC5B12 /* Dashboard42UITestsLaunchTests.swift in Sources */,
			);
			runOnlyForDeploymentPostprocessing = 0;
		};
		01D976A92BE8D0D900DB9F30 /* Sources */ = {
			isa = PBXSourcesBuildPhase;
			buildActionMask = 2147483647;
			files = (
				01D976B32BE8D0D900DB9F30 /* ContentView.swift in Sources */,
				01D976B12BE8D0D900DB9F30 /* Dashboard42App.swift in Sources */,
			);
			runOnlyForDeploymentPostprocessing = 0;
		};
/* End PBXSourcesBuildPhase section */

/* Begin PBXTargetDependency section */
		01454F182C52A2E300AC5B12 /* PBXTargetDependency */ = {
			isa = PBXTargetDependency;
			target = 01D976AC2BE8D0D900DB9F30 /* Dashboard42 */;
			targetProxy = 01454F172C52A2E300AC5B12 /* PBXContainerItemProxy */;
		};
		01454F272C52A36200AC5B12 /* PBXTargetDependency */ = {
			isa = PBXTargetDependency;
			target = 01D976AC2BE8D0D900DB9F30 /* Dashboard42 */;
			targetProxy = 01454F262C52A36200AC5B12 /* PBXContainerItemProxy */;
		};
/* End PBXTargetDependency section */

/* Begin XCBuildConfiguration section */
		01454F1A2C52A2E300AC5B12 /* Debug */ = {
			isa = XCBuildConfiguration;
			buildSettings = {
				BUNDLE_LOADER = "$(TEST_HOST)";
				CODE_SIGN_STYLE = Automatic;
				CURRENT_PROJECT_VERSION = 1;
				DEVELOPMENT_TEAM = BHH429N5DK;
				GENERATE_INFOPLIST_FILE = YES;
				IPHONEOS_DEPLOYMENT_TARGET = 17.0;
				MARKETING_VERSION = 1.0;
				PRODUCT_BUNDLE_IDENTIFIER = fr.marcmosca.Dashboard42Tests;
				PRODUCT_NAME = "$(TARGET_NAME)";
				SWIFT_EMIT_LOC_STRINGS = NO;
				SWIFT_VERSION = 5.0;
				TARGETED_DEVICE_FAMILY = "1,2";
				TEST_HOST = "$(BUILT_PRODUCTS_DIR)/Dashboard42.app/$(BUNDLE_EXECUTABLE_FOLDER_PATH)/Dashboard42";
			};
			name = Debug;
		};
		01454F1B2C52A2E300AC5B12 /* Release */ = {
			isa = XCBuildConfiguration;
			buildSettings = {
				BUNDLE_LOADER = "$(TEST_HOST)";
				CODE_SIGN_STYLE = Automatic;
				CURRENT_PROJECT_VERSION = 1;
				DEVELOPMENT_TEAM = BHH429N5DK;
				GENERATE_INFOPLIST_FILE = YES;
				IPHONEOS_DEPLOYMENT_TARGET = 17.0;
				MARKETING_VERSION = 1.0;
				PRODUCT_BUNDLE_IDENTIFIER = fr.marcmosca.Dashboard42Tests;
				PRODUCT_NAME = "$(TARGET_NAME)";
				SWIFT_EMIT_LOC_STRINGS = NO;
				SWIFT_VERSION = 5.0;
				TARGETED_DEVICE_FAMILY = "1,2";
				TEST_HOST = "$(BUILT_PRODUCTS_DIR)/Dashboard42.app/$(BUNDLE_EXECUTABLE_FOLDER_PATH)/Dashboard42";
			};
			name = Release;
		};
		01454F292C52A36200AC5B12 /* Debug */ = {
			isa = XCBuildConfiguration;
			buildSettings = {
				CODE_SIGN_STYLE = Automatic;
				CURRENT_PROJECT_VERSION = 1;
				DEVELOPMENT_TEAM = BHH429N5DK;
				GENERATE_INFOPLIST_FILE = YES;
				IPHONEOS_DEPLOYMENT_TARGET = 17.0;
				MARKETING_VERSION = 1.0;
				PRODUCT_BUNDLE_IDENTIFIER = fr.marcmosca.Dashboard42UITests;
				PRODUCT_NAME = "$(TARGET_NAME)";
				SWIFT_EMIT_LOC_STRINGS = NO;
				SWIFT_VERSION = 5.0;
				TARGETED_DEVICE_FAMILY = "1,2";
				TEST_TARGET_NAME = Dashboard42;
			};
			name = Debug;
		};
		01454F2A2C52A36200AC5B12 /* Release */ = {
			isa = XCBuildConfiguration;
			buildSettings = {
				CODE_SIGN_STYLE = Automatic;
				CURRENT_PROJECT_VERSION = 1;
				DEVELOPMENT_TEAM = BHH429N5DK;
				GENERATE_INFOPLIST_FILE = YES;
				IPHONEOS_DEPLOYMENT_TARGET = 17.0;
				MARKETING_VERSION = 1.0;
				PRODUCT_BUNDLE_IDENTIFIER = fr.marcmosca.Dashboard42UITests;
				PRODUCT_NAME = "$(TARGET_NAME)";
				SWIFT_EMIT_LOC_STRINGS = NO;
				SWIFT_VERSION = 5.0;
				TARGETED_DEVICE_FAMILY = "1,2";
				TEST_TARGET_NAME = Dashboard42;
			};
			name = Release;
		};
		01D976B92BE8D0DA00DB9F30 /* Debug */ = {
			isa = XCBuildConfiguration;
			baseConfigurationReference = 01454F2C2C52A40900AC5B12 /* XcodeWarnings.xcconfig */;
			buildSettings = {
				ALWAYS_SEARCH_USER_PATHS = NO;
				ASSETCATALOG_COMPILER_GENERATE_SWIFT_ASSET_SYMBOL_EXTENSIONS = YES;
				CLANG_ANALYZER_NONNULL = YES;
				CLANG_ANALYZER_NUMBER_OBJECT_CONVERSION = YES_AGGRESSIVE;
				CLANG_CXX_LANGUAGE_STANDARD = "gnu++20";
				CLANG_ENABLE_MODULES = YES;
				CLANG_ENABLE_OBJC_ARC = YES;
				CLANG_ENABLE_OBJC_WEAK = YES;
				CLANG_WARN_BLOCK_CAPTURE_AUTORELEASING = YES;
				CLANG_WARN_BOOL_CONVERSION = YES;
				CLANG_WARN_COMMA = YES;
				CLANG_WARN_CONSTANT_CONVERSION = YES;
				CLANG_WARN_DEPRECATED_OBJC_IMPLEMENTATIONS = YES;
				CLANG_WARN_DIRECT_OBJC_ISA_USAGE = YES_ERROR;
				CLANG_WARN_DOCUMENTATION_COMMENTS = YES;
				CLANG_WARN_EMPTY_BODY = YES;
				CLANG_WARN_ENUM_CONVERSION = YES;
				CLANG_WARN_INFINITE_RECURSION = YES;
				CLANG_WARN_INT_CONVERSION = YES;
				CLANG_WARN_NON_LITERAL_NULL_CONVERSION = YES;
				CLANG_WARN_OBJC_IMPLICIT_RETAIN_SELF = YES;
				CLANG_WARN_OBJC_LITERAL_CONVERSION = YES;
				CLANG_WARN_OBJC_ROOT_CLASS = YES_ERROR;
				CLANG_WARN_QUOTED_INCLUDE_IN_FRAMEWORK_HEADER = YES;
				CLANG_WARN_RANGE_LOOP_ANALYSIS = YES;
				CLANG_WARN_STRICT_PROTOTYPES = YES;
				CLANG_WARN_SUSPICIOUS_MOVE = YES;
				CLANG_WARN_UNGUARDED_AVAILABILITY = YES_AGGRESSIVE;
				CLANG_WARN_UNREACHABLE_CODE = YES;
				CLANG_WARN__DUPLICATE_METHOD_MATCH = YES;
				COPY_PHASE_STRIP = NO;
				DEBUG_INFORMATION_FORMAT = dwarf;
				ENABLE_STRICT_OBJC_MSGSEND = YES;
				ENABLE_TESTABILITY = YES;
				ENABLE_USER_SCRIPT_SANDBOXING = YES;
				GCC_C_LANGUAGE_STANDARD = gnu17;
				GCC_DYNAMIC_NO_PIC = NO;
				GCC_NO_COMMON_BLOCKS = YES;
				GCC_OPTIMIZATION_LEVEL = 0;
				GCC_PREPROCESSOR_DEFINITIONS = (
					"DEBUG=1",
					"$(inherited)",
				);
				GCC_WARN_64_TO_32_BIT_CONVERSION = YES;
				GCC_WARN_ABOUT_RETURN_TYPE = YES_ERROR;
				GCC_WARN_UNDECLARED_SELECTOR = YES;
				GCC_WARN_UNINITIALIZED_AUTOS = YES_AGGRESSIVE;
				GCC_WARN_UNUSED_FUNCTION = YES;
				GCC_WARN_UNUSED_VARIABLE = YES;
				IPHONEOS_DEPLOYMENT_TARGET = 17.0;
				LOCALIZATION_PREFERS_STRING_CATALOGS = YES;
				MTL_ENABLE_DEBUG_INFO = INCLUDE_SOURCE;
				MTL_FAST_MATH = YES;
				ONLY_ACTIVE_ARCH = YES;
				SDKROOT = iphoneos;
				SWIFT_ACTIVE_COMPILATION_CONDITIONS = "DEBUG $(inherited)";
				SWIFT_OPTIMIZATION_LEVEL = "-Onone";
				SWIFT_VERSION = 5.0;
			};
			name = Debug;
		};
		01D976BA2BE8D0DA00DB9F30 /* Release */ = {
			isa = XCBuildConfiguration;
			baseConfigurationReference = 01454F2C2C52A40900AC5B12 /* XcodeWarnings.xcconfig */;
			buildSettings = {
				ALWAYS_SEARCH_USER_PATHS = NO;
				ASSETCATALOG_COMPILER_GENERATE_SWIFT_ASSET_SYMBOL_EXTENSIONS = YES;
				CLANG_ANALYZER_NONNULL = YES;
				CLANG_ANALYZER_NUMBER_OBJECT_CONVERSION = YES_AGGRESSIVE;
				CLANG_CXX_LANGUAGE_STANDARD = "gnu++20";
				CLANG_ENABLE_MODULES = YES;
				CLANG_ENABLE_OBJC_ARC = YES;
				CLANG_ENABLE_OBJC_WEAK = YES;
				CLANG_WARN_BLOCK_CAPTURE_AUTORELEASING = YES;
				CLANG_WARN_BOOL_CONVERSION = YES;
				CLANG_WARN_COMMA = YES;
				CLANG_WARN_CONSTANT_CONVERSION = YES;
				CLANG_WARN_DEPRECATED_OBJC_IMPLEMENTATIONS = YES;
				CLANG_WARN_DIRECT_OBJC_ISA_USAGE = YES_ERROR;
				CLANG_WARN_DOCUMENTATION_COMMENTS = YES;
				CLANG_WARN_EMPTY_BODY = YES;
				CLANG_WARN_ENUM_CONVERSION = YES;
				CLANG_WARN_INFINITE_RECURSION = YES;
				CLANG_WARN_INT_CONVERSION = YES;
				CLANG_WARN_NON_LITERAL_NULL_CONVERSION = YES;
				CLANG_WARN_OBJC_IMPLICIT_RETAIN_SELF = YES;
				CLANG_WARN_OBJC_LITERAL_CONVERSION = YES;
				CLANG_WARN_OBJC_ROOT_CLASS = YES_ERROR;
				CLANG_WARN_QUOTED_INCLUDE_IN_FRAMEWORK_HEADER = YES;
				CLANG_WARN_RANGE_LOOP_ANALYSIS = YES;
				CLANG_WARN_STRICT_PROTOTYPES = YES;
				CLANG_WARN_SUSPICIOUS_MOVE = YES;
				CLANG_WARN_UNGUARDED_AVAILABILITY = YES_AGGRESSIVE;
				CLANG_WARN_UNREACHABLE_CODE = YES;
				CLANG_WARN__DUPLICATE_METHOD_MATCH = YES;
				COPY_PHASE_STRIP = NO;
				DEBUG_INFORMATION_FORMAT = "dwarf-with-dsym";
				ENABLE_NS_ASSERTIONS = NO;
				ENABLE_STRICT_OBJC_MSGSEND = YES;
				ENABLE_USER_SCRIPT_SANDBOXING = YES;
				GCC_C_LANGUAGE_STANDARD = gnu17;
				GCC_NO_COMMON_BLOCKS = YES;
				GCC_WARN_64_TO_32_BIT_CONVERSION = YES;
				GCC_WARN_ABOUT_RETURN_TYPE = YES_ERROR;
				GCC_WARN_UNDECLARED_SELECTOR = YES;
				GCC_WARN_UNINITIALIZED_AUTOS = YES_AGGRESSIVE;
				GCC_WARN_UNUSED_FUNCTION = YES;
				GCC_WARN_UNUSED_VARIABLE = YES;
				IPHONEOS_DEPLOYMENT_TARGET = 17.0;
				LOCALIZATION_PREFERS_STRING_CATALOGS = YES;
				MTL_ENABLE_DEBUG_INFO = NO;
				MTL_FAST_MATH = YES;
				SDKROOT = iphoneos;
				SWIFT_COMPILATION_MODE = wholemodule;
				SWIFT_VERSION = 5.0;
				VALIDATE_PRODUCT = YES;
			};
			name = Release;
		};
		01D976BC2BE8D0DA00DB9F30 /* Debug */ = {
			isa = XCBuildConfiguration;
			buildSettings = {
				CODE_SIGN_STYLE = Automatic;
				CURRENT_PROJECT_VERSION = 1;
				DEVELOPMENT_ASSET_PATHS = "\"Dashboard42/Preview Content\"";
				DEVELOPMENT_TEAM = BHH429N5DK;
				ENABLE_PREVIEWS = YES;
				GENERATE_INFOPLIST_FILE = YES;
				INFOPLIST_KEY_CFBundleDisplayName = Dashboard42;
				INFOPLIST_KEY_LSApplicationCategoryType = "public.app-category.education";
				INFOPLIST_KEY_UIApplicationSceneManifest_Generation = YES;
				INFOPLIST_KEY_UIApplicationSupportsIndirectInputEvents = YES;
				INFOPLIST_KEY_UILaunchScreen_Generation = YES;
				INFOPLIST_KEY_UISupportedInterfaceOrientations = UIInterfaceOrientationPortrait;
				IPHONEOS_DEPLOYMENT_TARGET = 17.0;
				LD_RUNPATH_SEARCH_PATHS = (
					"$(inherited)",
					"@executable_path/Frameworks",
				);
				MARKETING_VERSION = 2.0;
				PRODUCT_BUNDLE_IDENTIFIER = fr.marcmosca.Dashboard42;
				PRODUCT_NAME = "$(TARGET_NAME)";
				SUPPORTED_PLATFORMS = "iphoneos iphonesimulator";
				SWIFT_EMIT_LOC_STRINGS = YES;
				TARGETED_DEVICE_FAMILY = 1;
			};
			name = Debug;
		};
		01D976BD2BE8D0DA00DB9F30 /* Release */ = {
			isa = XCBuildConfiguration;
			buildSettings = {
				CODE_SIGN_STYLE = Automatic;
				CURRENT_PROJECT_VERSION = 1;
				DEVELOPMENT_ASSET_PATHS = "\"Dashboard42/Preview Content\"";
				DEVELOPMENT_TEAM = BHH429N5DK;
				ENABLE_PREVIEWS = YES;
				GENERATE_INFOPLIST_FILE = YES;
				INFOPLIST_KEY_CFBundleDisplayName = Dashboard42;
				INFOPLIST_KEY_LSApplicationCategoryType = "public.app-category.education";
				INFOPLIST_KEY_UIApplicationSceneManifest_Generation = YES;
				INFOPLIST_KEY_UIApplicationSupportsIndirectInputEvents = YES;
				INFOPLIST_KEY_UILaunchScreen_Generation = YES;
				INFOPLIST_KEY_UISupportedInterfaceOrientations = UIInterfaceOrientationPortrait;
				IPHONEOS_DEPLOYMENT_TARGET = 17.0;
				LD_RUNPATH_SEARCH_PATHS = (
					"$(inherited)",
					"@executable_path/Frameworks",
				);
				MARKETING_VERSION = 2.0;
				PRODUCT_BUNDLE_IDENTIFIER = fr.marcmosca.Dashboard42;
				PRODUCT_NAME = "$(TARGET_NAME)";
				SUPPORTED_PLATFORMS = "iphoneos iphonesimulator";
				SWIFT_EMIT_LOC_STRINGS = YES;
				TARGETED_DEVICE_FAMILY = 1;
			};
			name = Release;
		};
/* End XCBuildConfiguration section */

/* Begin XCConfigurationList section */
		01454F192C52A2E300AC5B12 /* Build configuration list for PBXNativeTarget "Dashboard42Tests" */ = {
			isa = XCConfigurationList;
			buildConfigurations = (
				01454F1A2C52A2E300AC5B12 /* Debug */,
				01454F1B2C52A2E300AC5B12 /* Release */,
			);
			defaultConfigurationIsVisible = 0;
			defaultConfigurationName = Release;
		};
		01454F282C52A36200AC5B12 /* Build configuration list for PBXNativeTarget "Dashboard42UITests" */ = {
			isa = XCConfigurationList;
			buildConfigurations = (
				01454F292C52A36200AC5B12 /* Debug */,
				01454F2A2C52A36200AC5B12 /* Release */,
			);
			defaultConfigurationIsVisible = 0;
			defaultConfigurationName = Release;
		};
		01D976A82BE8D0D900DB9F30 /* Build configuration list for PBXProject "Dashboard42" */ = {
			isa = XCConfigurationList;
			buildConfigurations = (
				01D976B92BE8D0DA00DB9F30 /* Debug */,
				01D976BA2BE8D0DA00DB9F30 /* Release */,
			);
			defaultConfigurationIsVisible = 0;
			defaultConfigurationName = Release;
		};
		01D976BB2BE8D0DA00DB9F30 /* Build configuration list for PBXNativeTarget "Dashboard42" */ = {
			isa = XCConfigurationList;
			buildConfigurations = (
				01D976BC2BE8D0DA00DB9F30 /* Debug */,
				01D976BD2BE8D0DA00DB9F30 /* Release */,
			);
			defaultConfigurationIsVisible = 0;
			defaultConfigurationName = Release;
		};
/* End XCConfigurationList section */
	};
	rootObject = 01D976A52BE8D0D900DB9F30 /* Project object */;
}
